
Microsoft Visual Studio Solution File, Format Version 12.00
# Visual Studio Version 17
VisualStudioVersion = 17.5.002.0
MinimumVisualStudioVersion = 10.0.40219.1
Project("{2150E333-8FDC-42A3-9474-1A3956D46DE8}") = "csharp-prep", "csharp-prep", "{D5E34DF0-5B59-4953-BC14-84866A1DCF1D}"
EndProject
Project("{9A19103F-16F7-4668-BE54-9A1E7A4F7556}") = "Prep1", "csharp-prep\Prep1\Prep1.csproj", "{DC05FFB1-AA10-4395-908D-460208F7D8DD}"
EndProject
Project("{9A19103F-16F7-4668-BE54-9A1E7A4F7556}") = "Prep2", "csharp-prep\Prep2\Prep2.csproj", "{7E54B9FE-2650-46BF-BDCB-3F9EDE0B257A}"
EndProject
Project("{9A19103F-16F7-4668-BE54-9A1E7A4F7556}") = "Prep3", "csharp-prep\Prep3\Prep3.csproj", "{54C83002-EE1F-424E-8779-1A3FC2FC40D1}"
EndProject
Project("{9A19103F-16F7-4668-BE54-9A1E7A4F7556}") = "Prep4", "csharp-prep\Prep4\Prep4.csproj", "{C32CC7BD-4AB6-44DD-A8D2-B4F080D198C7}"
EndProject
Project("{9A19103F-16F7-4668-BE54-9A1E7A4F7556}") = "Prep5", "csharp-prep\Prep5\Prep5.csproj", "{BCF0EB13-2178-4C4A-A1A5-9949442DF125}"
EndProject
Project("{2150E333-8FDC-42A3-9474-1A3956D46DE8}") = "final", "final", "{B1BA04A8-6A75-408F-998A-A268FA5D1156}"
EndProject
Project("{9A19103F-16F7-4668-BE54-9A1E7A4F7556}") = "FinalProject", "final\FinalProject\FinalProject.csproj", "{A26000DD-A077-4930-ACC7-0BCB504C83FB}"
EndProject
Project("{9A19103F-16F7-4668-BE54-9A1E7A4F7556}") = "Foundation1", "final\Foundation1\Foundation1.csproj", "{1C29B383-7A72-41C3-A052-DED01C22B18C}"
EndProject
Project("{9A19103F-16F7-4668-BE54-9A1E7A4F7556}") = "Foundation2", "final\Foundation2\Foundation2.csproj", "{042EF2F6-EF09-4E71-8303-5CEB007659B6}"
EndProject
Project("{9A19103F-16F7-4668-BE54-9A1E7A4F7556}") = "Foundation3", "final\Foundation3\Foundation3.csproj", "{2EFFAF7F-8BE5-4BEA-B3D5-C64AE6E6AF0F}"
EndProject
Project("{9A19103F-16F7-4668-BE54-9A1E7A4F7556}") = "Foundation4", "final\Foundation4\Foundation4.csproj", "{3524954F-0D01-4425-9C62-FAEE2B5B2E08}"
EndProject
Project("{2150E333-8FDC-42A3-9474-1A3956D46DE8}") = "prepare", "prepare", "{C53BDD3F-DF5D-49D7-8EBA-B38A605D6B60}"
EndProject
Project("{9A19103F-16F7-4668-BE54-9A1E7A4F7556}") = "Learning02", "prepare\Learning02\Learning02.csproj", "{96978819-5961-4C59-AE53-7321F151D79F}"
EndProject
Project("{9A19103F-16F7-4668-BE54-9A1E7A4F7556}") = "Learning03", "prepare\Learning03\Learning03.csproj", "{71D6043D-0902-4058-B374-3383B019BB11}"
EndProject
Project("{9A19103F-16F7-4668-BE54-9A1E7A4F7556}") = "Learning04", "prepare\Learning04\Learning04.csproj", "{D022F006-B23D-461E-B350-0D6D37CF224E}"
EndProject
Project("{9A19103F-16F7-4668-BE54-9A1E7A4F7556}") = "Learning05", "prepare\Learning05\Learning05.csproj", "{0948BA07-6E43-49FB-BEEB-71565D9C3ECA}"
EndProject
Project("{2150E333-8FDC-42A3-9474-1A3956D46DE8}") = "prove", "prove", "{D52FF047-09EB-440D-BA5C-7416D616D995}"
EndProject
Project("{9A19103F-16F7-4668-BE54-9A1E7A4F7556}") = "Develop02", "prove\Develop02\Develop02.csproj", "{2BC89999-AB33-4821-AF15-63201764D0F9}"
EndProject
Project("{9A19103F-16F7-4668-BE54-9A1E7A4F7556}") = "Develop03", "prove\Develop03\Develop03.csproj", "{294D70D6-BF04-423F-AF3B-53F275F78D90}"
EndProject
Project("{9A19103F-16F7-4668-BE54-9A1E7A4F7556}") = "Develop04", "prove\Develop04\Develop04.csproj", "{25908BC2-D093-49A5-8B86-BAE652BD1A76}"
EndProject
Project("{9A19103F-16F7-4668-BE54-9A1E7A4F7556}") = "Develop05", "prove\Develop05\Develop05.csproj", "{1411F6D5-4735-435F-9607-42C2DBB7691A}"
EndProject
Project("{2150E333-8FDC-42A3-9474-1A3956D46DE8}") = "sandbox", "sandbox", "{ECF0F545-28E2-45FC-99F4-93621789DA23}"
EndProject
Project("{9A19103F-16F7-4668-BE54-9A1E7A4F7556}") = "Sandbox", "sandbox\Sandbox\Sandbox.csproj", "{CDC457FA-0476-4998-842F-0B5692DACC53}"
EndProject
Global
	GlobalSection(SolutionConfigurationPlatforms) = preSolution
		Debug|Any CPU = Debug|Any CPU
		Release|Any CPU = Release|Any CPU
	EndGlobalSection
	GlobalSection(ProjectConfigurationPlatforms) = postSolution
		{DC05FFB1-AA10-4395-908D-460208F7D8DD}.Debug|Any CPU.ActiveCfg = Debug|Any CPU
		{DC05FFB1-AA10-4395-908D-460208F7D8DD}.Debug|Any CPU.Build.0 = Debug|Any CPU
		{DC05FFB1-AA10-4395-908D-460208F7D8DD}.Release|Any CPU.ActiveCfg = Release|Any CPU
		{DC05FFB1-AA10-4395-908D-460208F7D8DD}.Release|Any CPU.Build.0 = Release|Any CPU
		{7E54B9FE-2650-46BF-BDCB-3F9EDE0B257A}.Debug|Any CPU.ActiveCfg = Debug|Any CPU
		{7E54B9FE-2650-46BF-BDCB-3F9EDE0B257A}.Debug|Any CPU.Build.0 = Debug|Any CPU
		{7E54B9FE-2650-46BF-BDCB-3F9EDE0B257A}.Release|Any CPU.ActiveCfg = Release|Any CPU
		{7E54B9FE-2650-46BF-BDCB-3F9EDE0B257A}.Release|Any CPU.Build.0 = Release|Any CPU
		{54C83002-EE1F-424E-8779-1A3FC2FC40D1}.Debug|Any CPU.ActiveCfg = Debug|Any CPU
		{54C83002-EE1F-424E-8779-1A3FC2FC40D1}.Debug|Any CPU.Build.0 = Debug|Any CPU
		{54C83002-EE1F-424E-8779-1A3FC2FC40D1}.Release|Any CPU.ActiveCfg = Release|Any CPU
		{54C83002-EE1F-424E-8779-1A3FC2FC40D1}.Release|Any CPU.Build.0 = Release|Any CPU
		{C32CC7BD-4AB6-44DD-A8D2-B4F080D198C7}.Debug|Any CPU.ActiveCfg = Debug|Any CPU
		{C32CC7BD-4AB6-44DD-A8D2-B4F080D198C7}.Debug|Any CPU.Build.0 = Debug|Any CPU
		{C32CC7BD-4AB6-44DD-A8D2-B4F080D198C7}.Release|Any CPU.ActiveCfg = Release|Any CPU
		{C32CC7BD-4AB6-44DD-A8D2-B4F080D198C7}.Release|Any CPU.Build.0 = Release|Any CPU
		{BCF0EB13-2178-4C4A-A1A5-9949442DF125}.Debug|Any CPU.ActiveCfg = Debug|Any CPU
		{BCF0EB13-2178-4C4A-A1A5-9949442DF125}.Debug|Any CPU.Build.0 = Debug|Any CPU
		{BCF0EB13-2178-4C4A-A1A5-9949442DF125}.Release|Any CPU.ActiveCfg = Release|Any CPU
		{BCF0EB13-2178-4C4A-A1A5-9949442DF125}.Release|Any CPU.Build.0 = Release|Any CPU
		{A26000DD-A077-4930-ACC7-0BCB504C83FB}.Debug|Any CPU.ActiveCfg = Debug|Any CPU
		{A26000DD-A077-4930-ACC7-0BCB504C83FB}.Debug|Any CPU.Build.0 = Debug|Any CPU
		{A26000DD-A077-4930-ACC7-0BCB504C83FB}.Release|Any CPU.ActiveCfg = Release|Any CPU
		{A26000DD-A077-4930-ACC7-0BCB504C83FB}.Release|Any CPU.Build.0 = Release|Any CPU
		{1C29B383-7A72-41C3-A052-DED01C22B18C}.Debug|Any CPU.ActiveCfg = Debug|Any CPU
		{1C29B383-7A72-41C3-A052-DED01C22B18C}.Debug|Any CPU.Build.0 = Debug|Any CPU
		{1C29B383-7A72-41C3-A052-DED01C22B18C}.Release|Any CPU.ActiveCfg = Release|Any CPU
		{1C29B383-7A72-41C3-A052-DED01C22B18C}.Release|Any CPU.Build.0 = Release|Any CPU
		{042EF2F6-EF09-4E71-8303-5CEB007659B6}.Debug|Any CPU.ActiveCfg = Debug|Any CPU
		{042EF2F6-EF09-4E71-8303-5CEB007659B6}.Debug|Any CPU.Build.0 = Debug|Any CPU
		{042EF2F6-EF09-4E71-8303-5CEB007659B6}.Release|Any CPU.ActiveCfg = Release|Any CPU
		{042EF2F6-EF09-4E71-8303-5CEB007659B6}.Release|Any CPU.Build.0 = Release|Any CPU
		{2EFFAF7F-8BE5-4BEA-B3D5-C64AE6E6AF0F}.Debug|Any CPU.ActiveCfg = Debug|Any CPU
		{2EFFAF7F-8BE5-4BEA-B3D5-C64AE6E6AF0F}.Debug|Any CPU.Build.0 = Debug|Any CPU
		{2EFFAF7F-8BE5-4BEA-B3D5-C64AE6E6AF0F}.Release|Any CPU.ActiveCfg = Release|Any CPU
		{2EFFAF7F-8BE5-4BEA-B3D5-C64AE6E6AF0F}.Release|Any CPU.Build.0 = Release|Any CPU
		{3524954F-0D01-4425-9C62-FAEE2B5B2E08}.Debug|Any CPU.ActiveCfg = Debug|Any CPU
		{3524954F-0D01-4425-9C62-FAEE2B5B2E08}.Debug|Any CPU.Build.0 = Debug|Any CPU
		{3524954F-0D01-4425-9C62-FAEE2B5B2E08}.Release|Any CPU.ActiveCfg = Release|Any CPU
		{3524954F-0D01-4425-9C62-FAEE2B5B2E08}.Release|Any CPU.Build.0 = Release|Any CPU
		{96978819-5961-4C59-AE53-7321F151D79F}.Debug|Any CPU.ActiveCfg = Debug|Any CPU
		{96978819-5961-4C59-AE53-7321F151D79F}.Debug|Any CPU.Build.0 = Debug|Any CPU
		{96978819-5961-4C59-AE53-7321F151D79F}.Release|Any CPU.ActiveCfg = Release|Any CPU
		{96978819-5961-4C59-AE53-7321F151D79F}.Release|Any CPU.Build.0 = Release|Any CPU
		{71D6043D-0902-4058-B374-3383B019BB11}.Debug|Any CPU.ActiveCfg = Debug|Any CPU
		{71D6043D-0902-4058-B374-3383B019BB11}.Debug|Any CPU.Build.0 = Debug|Any CPU
		{71D6043D-0902-4058-B374-3383B019BB11}.Release|Any CPU.ActiveCfg = Release|Any CPU
		{71D6043D-0902-4058-B374-3383B019BB11}.Release|Any CPU.Build.0 = Release|Any CPU
		{D022F006-B23D-461E-B350-0D6D37CF224E}.Debug|Any CPU.ActiveCfg = Debug|Any CPU
		{D022F006-B23D-461E-B350-0D6D37CF224E}.Debug|Any CPU.Build.0 = Debug|Any CPU
		{D022F006-B23D-461E-B350-0D6D37CF224E}.Release|Any CPU.ActiveCfg = Release|Any CPU
		{D022F006-B23D-461E-B350-0D6D37CF224E}.Release|Any CPU.Build.0 = Release|Any CPU
		{0948BA07-6E43-49FB-BEEB-71565D9C3ECA}.Debug|Any CPU.ActiveCfg = Debug|Any CPU
		{0948BA07-6E43-49FB-BEEB-71565D9C3ECA}.Debug|Any CPU.Build.0 = Debug|Any CPU
		{0948BA07-6E43-49FB-BEEB-71565D9C3ECA}.Release|Any CPU.ActiveCfg = Release|Any CPU
		{0948BA07-6E43-49FB-BEEB-71565D9C3ECA}.Release|Any CPU.Build.0 = Release|Any CPU
		{2BC89999-AB33-4821-AF15-63201764D0F9}.Debug|Any CPU.ActiveCfg = Debug|Any CPU
		{2BC89999-AB33-4821-AF15-63201764D0F9}.Debug|Any CPU.Build.0 = Debug|Any CPU
		{2BC89999-AB33-4821-AF15-63201764D0F9}.Release|Any CPU.ActiveCfg = Release|Any CPU
		{2BC89999-AB33-4821-AF15-63201764D0F9}.Release|Any CPU.Build.0 = Release|Any CPU
		{294D70D6-BF04-423F-AF3B-53F275F78D90}.Debug|Any CPU.ActiveCfg = Debug|Any CPU
		{294D70D6-BF04-423F-AF3B-53F275F78D90}.Debug|Any CPU.Build.0 = Debug|Any CPU
		{294D70D6-BF04-423F-AF3B-53F275F78D90}.Release|Any CPU.ActiveCfg = Release|Any CPU
		{294D70D6-BF04-423F-AF3B-53F275F78D90}.Release|Any CPU.Build.0 = Release|Any CPU
		{25908BC2-D093-49A5-8B86-BAE652BD1A76}.Debug|Any CPU.ActiveCfg = Debug|Any CPU
		{25908BC2-D093-49A5-8B86-BAE652BD1A76}.Debug|Any CPU.Build.0 = Debug|Any CPU
		{25908BC2-D093-49A5-8B86-BAE652BD1A76}.Release|Any CPU.ActiveCfg = Release|Any CPU
		{25908BC2-D093-49A5-8B86-BAE652BD1A76}.Release|Any CPU.Build.0 = Release|Any CPU
		{1411F6D5-4735-435F-9607-42C2DBB7691A}.Debug|Any CPU.ActiveCfg = Debug|Any CPU
		{1411F6D5-4735-435F-9607-42C2DBB7691A}.Debug|Any CPU.Build.0 = Debug|Any CPU
		{1411F6D5-4735-435F-9607-42C2DBB7691A}.Release|Any CPU.ActiveCfg = Release|Any CPU
		{1411F6D5-4735-435F-9607-42C2DBB7691A}.Release|Any CPU.Build.0 = Release|Any CPU
		{CDC457FA-0476-4998-842F-0B5692DACC53}.Debug|Any CPU.ActiveCfg = Debug|Any CPU
		{CDC457FA-0476-4998-842F-0B5692DACC53}.Debug|Any CPU.Build.0 = Debug|Any CPU
		{CDC457FA-0476-4998-842F-0B5692DACC53}.Release|Any CPU.ActiveCfg = Release|Any CPU
		{CDC457FA-0476-4998-842F-0B5692DACC53}.Release|Any CPU.Build.0 = Release|Any CPU
	EndGlobalSection
	GlobalSection(SolutionProperties) = preSolution
		HideSolutionNode = FALSE
	EndGlobalSection
	GlobalSection(NestedProjects) = preSolution
		{DC05FFB1-AA10-4395-908D-460208F7D8DD} = {D5E34DF0-5B59-4953-BC14-84866A1DCF1D}
		{7E54B9FE-2650-46BF-BDCB-3F9EDE0B257A} = {D5E34DF0-5B59-4953-BC14-84866A1DCF1D}
		{54C83002-EE1F-424E-8779-1A3FC2FC40D1} = {D5E34DF0-5B59-4953-BC14-84866A1DCF1D}
		{C32CC7BD-4AB6-44DD-A8D2-B4F080D198C7} = {D5E34DF0-5B59-4953-BC14-84866A1DCF1D}
		{BCF0EB13-2178-4C4A-A1A5-9949442DF125} = {D5E34DF0-5B59-4953-BC14-84866A1DCF1D}
		{A26000DD-A077-4930-ACC7-0BCB504C83FB} = {B1BA04A8-6A75-408F-998A-A268FA5D1156}
		{1C29B383-7A72-41C3-A052-DED01C22B18C} = {B1BA04A8-6A75-408F-998A-A268FA5D1156}
		{042EF2F6-EF09-4E71-8303-5CEB007659B6} = {B1BA04A8-6A75-408F-998A-A268FA5D1156}
		{2EFFAF7F-8BE5-4BEA-B3D5-C64AE6E6AF0F} = {B1BA04A8-6A75-408F-998A-A268FA5D1156}
		{3524954F-0D01-4425-9C62-FAEE2B5B2E08} = {B1BA04A8-6A75-408F-998A-A268FA5D1156}
		{96978819-5961-4C59-AE53-7321F151D79F} = {C53BDD3F-DF5D-49D7-8EBA-B38A605D6B60}
		{71D6043D-0902-4058-B374-3383B019BB11} = {C53BDD3F-DF5D-49D7-8EBA-B38A605D6B60}
		{D022F006-B23D-461E-B350-0D6D37CF224E} = {C53BDD3F-DF5D-49D7-8EBA-B38A605D6B60}
		{0948BA07-6E43-49FB-BEEB-71565D9C3ECA} = {C53BDD3F-DF5D-49D7-8EBA-B38A605D6B60}
		{2BC89999-AB33-4821-AF15-63201764D0F9} = {D52FF047-09EB-440D-BA5C-7416D616D995}
		{294D70D6-BF04-423F-AF3B-53F275F78D90} = {D52FF047-09EB-440D-BA5C-7416D616D995}
		{25908BC2-D093-49A5-8B86-BAE652BD1A76} = {D52FF047-09EB-440D-BA5C-7416D616D995}
		{1411F6D5-4735-435F-9607-42C2DBB7691A} = {D52FF047-09EB-440D-BA5C-7416D616D995}
		{CDC457FA-0476-4998-842F-0B5692DACC53} = {ECF0F545-28E2-45FC-99F4-93621789DA23}
	EndGlobalSection
	GlobalSection(ExtensibilityGlobals) = postSolution
		SolutionGuid = {8B78333B-7741-413B-ADEA-B656F1821A12}
	EndGlobalSection
EndGlobal
